// !$*UTF8*$!
{
	archiveVersion = 1;
	classes = {
	};
	objectVersion = 46;
	objects = {

/* Begin PBXBuildFile section */
		A0BE73791D5798E400159AD0 /* main.m in Sources */ = {isa = PBXBuildFile; fileRef = A0BE73781D5798E400159AD0 /* main.m */; };
		A0BE737C1D5798E400159AD0 /* AppDelegate.m in Sources */ = {isa = PBXBuildFile; fileRef = A0BE737B1D5798E400159AD0 /* AppDelegate.m */; };
		A0BE737F1D5798E400159AD0 /* ViewController.m in Sources */ = {isa = PBXBuildFile; fileRef = A0BE737E1D5798E400159AD0 /* ViewController.m */; };
		A0BE73821D5798E400159AD0 /* Main.storyboard in Resources */ = {isa = PBXBuildFile; fileRef = A0BE73801D5798E400159AD0 /* Main.storyboard */; };
		A0BE73841D5798E400159AD0 /* Assets.xcassets in Resources */ = {isa = PBXBuildFile; fileRef = A0BE73831D5798E400159AD0 /* Assets.xcassets */; };
		A0BE73871D5798E400159AD0 /* LaunchScreen.storyboard in Resources */ = {isa = PBXBuildFile; fileRef = A0BE73851D5798E400159AD0 /* LaunchScreen.storyboard */; };
		A0BE73951D57993600159AD0 /* ProtocolDispatcher.m in Sources */ = {isa = PBXBuildFile; fileRef = A0BE73941D57993600159AD0 /* ProtocolDispatcher.m */; };
		A0BE73981D5799A000159AD0 /* DelegateSource.m in Sources */ = {isa = PBXBuildFile; fileRef = A0BE73971D5799A000159AD0 /* DelegateSource.m */; };
/* End PBXBuildFile section */

/* Begin PBXFileReference section */
		A0BE73741D5798E400159AD0 /* HJProtocolDispatcherDemo.app */ = {isa = PBXFileReference; explicitFileType = wrapper.application; includeInIndex = 0; path = HJProtocolDispatcherDemo.app; sourceTree = BUILT_PRODUCTS_DIR; };
		A0BE73781D5798E400159AD0 /* main.m */ = {isa = PBXFileReference; lastKnownFileType = sourcecode.c.objc; path = main.m; sourceTree = "<group>"; };
		A0BE737A1D5798E400159AD0 /* AppDelegate.h */ = {isa = PBXFileReference; lastKnownFileType = sourcecode.c.h; path = AppDelegate.h; sourceTree = "<group>"; };
		A0BE737B1D5798E400159AD0 /* AppDelegate.m */ = {isa = PBXFileReference; lastKnownFileType = sourcecode.c.objc; path = AppDelegate.m; sourceTree = "<group>"; };
		A0BE737D1D5798E400159AD0 /* ViewController.h */ = {isa = PBXFileReference; lastKnownFileType = sourcecode.c.h; path = ViewController.h; sourceTree = "<group>"; };
		A0BE737E1D5798E400159AD0 /* ViewController.m */ = {isa = PBXFileReference; lastKnownFileType = sourcecode.c.objc; path = ViewController.m; sourceTree = "<group>"; };
		A0BE73811D5798E400159AD0 /* Base */ = {isa = PBXFileReference; lastKnownFileType = file.storyboard; name = Base; path = Base.lproj/Main.storyboard; sourceTree = "<group>"; };
		A0BE73831D5798E400159AD0 /* Assets.xcassets */ = {isa = PBXFileReference; lastKnownFileType = folder.assetcatalog; path = Assets.xcassets; sourceTree = "<group>"; };
		A0BE73861D5798E400159AD0 /* Base */ = {isa = PBXFileReference; lastKnownFileType = file.storyboard; name = Base; path = Base.lproj/LaunchScreen.storyboard; sourceTree = "<group>"; };
		A0BE73881D5798E400159AD0 /* Info.plist */ = {isa = PBXFileReference; lastKnownFileType = text.plist.xml; path = Info.plist; sourceTree = "<group>"; };
		A0BE73931D57993600159AD0 /* ProtocolDispatcher.h */ = {isa = PBXFileReference; fileEncoding = 4; lastKnownFileType = sourcecode.c.h; path = ProtocolDispatcher.h; sourceTree = "<group>"; };
		A0BE73941D57993600159AD0 /* ProtocolDispatcher.m */ = {isa = PBXFileReference; fileEncoding = 4; lastKnownFileType = sourcecode.c.objc; path = ProtocolDispatcher.m; sourceTree = "<group>"; };
		A0BE73961D5799A000159AD0 /* DelegateSource.h */ = {isa = PBXFileReference; fileEncoding = 4; lastKnownFileType = sourcecode.c.h; path = DelegateSource.h; sourceTree = "<group>"; };
		A0BE73971D5799A000159AD0 /* DelegateSource.m */ = {isa = PBXFileReference; fileEncoding = 4; lastKnownFileType = sourcecode.c.objc; path = DelegateSource.m; sourceTree = "<group>"; };
/* End PBXFileReference section */

/* Begin PBXFrameworksBuildPhase section */
		A0BE73711D5798E400159AD0 /* Frameworks */ = {
			isa = PBXFrameworksBuildPhase;
			buildActionMask = 2147483647;
			files = (
			);
			runOnlyForDeploymentPostprocessing = 0;
		};
/* End PBXFrameworksBuildPhase section */

/* Begin PBXGroup section */
		A0BE736B1D5798E400159AD0 = {
			isa = PBXGroup;
			children = (
				A0BE73761D5798E400159AD0 /* HJProtocolDispatcherDemo */,
				A0BE73751D5798E400159AD0 /* Products */,
			);
			sourceTree = "<group>";
		};
		A0BE73751D5798E400159AD0 /* Products */ = {
			isa = PBXGroup;
			children = (
				A0BE73741D5798E400159AD0 /* HJProtocolDispatcherDemo.app */,
			);
			name = Products;
			sourceTree = "<group>";
		};
		A0BE73761D5798E400159AD0 /* HJProtocolDispatcherDemo */ = {
			isa = PBXGroup;
			children = (
				A0BE73921D57993600159AD0 /* ProtocolDispatcher */,
				A0BE737A1D5798E400159AD0 /* AppDelegate.h */,
				A0BE737B1D5798E400159AD0 /* AppDelegate.m */,
				A0BE737D1D5798E400159AD0 /* ViewController.h */,
				A0BE737E1D5798E400159AD0 /* ViewController.m */,
				A0BE73961D5799A000159AD0 /* DelegateSource.h */,
				A0BE73971D5799A000159AD0 /* DelegateSource.m */,
				A0BE73801D5798E400159AD0 /* Main.storyboard */,
				A0BE73831D5798E400159AD0 /* Assets.xcassets */,
				A0BE73851D5798E400159AD0 /* LaunchScreen.storyboard */,
				A0BE73881D5798E400159AD0 /* Info.plist */,
				A0BE73771D5798E400159AD0 /* Supporting Files */,
			);
			path = HJProtocolDispatcherDemo;
			sourceTree = "<group>";
		};
		A0BE73771D5798E400159AD0 /* Supporting Files */ = {
			isa = PBXGroup;
			children = (
				A0BE73781D5798E400159AD0 /* main.m */,
			);
			name = "Supporting Files";
			sourceTree = "<group>";
		};
		A0BE73921D57993600159AD0 /* ProtocolDispatcher */ = {
			isa = PBXGroup;
			children = (
				A0BE73931D57993600159AD0 /* ProtocolDispatcher.h */,
				A0BE73941D57993600159AD0 /* ProtocolDispatcher.m */,
			);
			name = ProtocolDispatcher;
			path = ../../ProtocolDispatcher;
			sourceTree = "<group>";
		};
/* End PBXGroup section */

/* Begin PBXNativeTarget section */
		A0BE73731D5798E400159AD0 /* HJProtocolDispatcherDemo */ = {
			isa = PBXNativeTarget;
			buildConfigurationList = A0BE738B1D5798E400159AD0 /* Build configuration list for PBXNativeTarget "HJProtocolDispatcherDemo" */;
			buildPhases = (
				A0BE73701D5798E400159AD0 /* Sources */,
				A0BE73711D5798E400159AD0 /* Frameworks */,
				A0BE73721D5798E400159AD0 /* Resources */,
			);
			buildRules = (
			);
			dependencies = (
			);
			name = HJProtocolDispatcherDemo;
			productName = HJProtocolDispatcherDemo;
			productReference = A0BE73741D5798E400159AD0 /* HJProtocolDispatcherDemo.app */;
			productType = "com.apple.product-type.application";
		};
/* End PBXNativeTarget section */

/* Begin PBXProject section */
		A0BE736C1D5798E400159AD0 /* Project object */ = {
			isa = PBXProject;
			attributes = {
				LastUpgradeCheck = 0730;
				ORGANIZATIONNAME = olinone;
				TargetAttributes = {
					A0BE73731D5798E400159AD0 = {
						CreatedOnToolsVersion = 7.3.1;
					};
				};
			};
			buildConfigurationList = A0BE736F1D5798E400159AD0 /* Build configuration list for PBXProject "HJProtocolDispatcherDemo" */;
			compatibilityVersion = "Xcode 3.2";
			developmentRegion = English;
			hasScannedForEncodings = 0;
			knownRegions = (
				en,
				Base,
			);
			mainGroup = A0BE736B1D5798E400159AD0;
			productRefGroup = A0BE73751D5798E400159AD0 /* Products */;
			projectDirPath = "";
			projectRoot = "";
			targets = (
				A0BE73731D5798E400159AD0 /* HJProtocolDispatcherDemo */,
			);
		};
/* End PBXProject section */

/* Begin PBXResourcesBuildPhase section */
		A0BE73721D5798E400159AD0 /* Resources */ = {
			isa = PBXResourcesBuildPhase;
			buildActionMask = 2147483647;
			files = (
				A0BE73871D5798E400159AD0 /* LaunchScreen.storyboard in Resources */,
				A0BE73841D5798E400159AD0 /* Assets.xcassets in Resources */,
				A0BE73821D5798E400159AD0 /* Main.storyboard in Resources */,
			);
			runOnlyForDeploymentPostprocessing = 0;
		};
/* End PBXResourcesBuildPhase section */

/* Begin PBXSourcesBuildPhase section */
		A0BE73701D5798E400159AD0 /* Sources */ = {
			isa = PBXSourcesBuildPhase;
			buildActionMask = 2147483647;
			files = (
				A0BE73951D57993600159AD0 /* ProtocolDispatcher.m in Sources */,
				A0BE73981D5799A000159AD0 /* DelegateSource.m in Sources */,
				A0BE737F1D5798E400159AD0 /* ViewController.m in Sources */,
				A0BE737C1D5798E400159AD0 /* AppDelegate.m in Sources */,
				A0BE73791D5798E400159AD0 /* main.m in Sources */,
			);
			runOnlyForDeploymentPostprocessing = 0;
		};
/* End PBXSourcesBuildPhase section */

/* Begin PBXVariantGroup section */
		A0BE73801D5798E400159AD0 /* Main.storyboard */ = {
			isa = PBXVariantGroup;
			children = (
				A0BE73811D5798E400159AD0 /* Base */,
			);
			name = Main.storyboard;
			sourceTree = "<group>";
		};
		A0BE73851D5798E400159AD0 /* LaunchScreen.storyboard */ = {
			isa = PBXVariantGroup;
			children = (
				A0BE73861D5798E400159AD0 /* Base */,
			);
			name = LaunchScreen.storyboard;
			sourceTree = "<group>";
		};
/* End PBXVariantGroup section */

/* Begin XCBuildConfiguration section */
		A0BE73891D5798E400159AD0 /* Debug */ = {
			isa = XCBuildConfiguration;
			buildSettings = {
				ALWAYS_SEARCH_USER_PATHS = NO;
				CLANG_ANALYZER_NONNULL = YES;
				CLANG_CXX_LANGUAGE_STANDARD = "gnu++0x";
				CLANG_CXX_LIBRARY = "libc++";
				CLANG_ENABLE_MODULES = YES;
				CLANG_ENABLE_OBJC_ARC = YES;
				CLANG_WARN_BOOL_CONVERSION = YES;
				CLANG_WARN_CONSTANT_CONVERSION = YES;
				CLANG_WARN_DIRECT_OBJC_ISA_USAGE = YES_ERROR;
				CLANG_WARN_EMPTY_BODY = YES;
				CLANG_WARN_ENUM_CONVERSION = YES;
				CLANG_WARN_INT_CONVERSION = YES;
				CLANG_WARN_OBJC_ROOT_CLASS = YES_ERROR;
				CLANG_WARN_UNREACHABLE_CODE = YES;
				CLANG_WARN__DUPLICATE_METHOD_MATCH = YES;
				"CODE_SIGN_IDENTITY[sdk=iphoneos*]" = "iPhone Developer";
				COPY_PHASE_STRIP = NO;
				DEBUG_INFORMATION_FORMAT = dwarf;
				ENABLE_STRICT_OBJC_MSGSEND = YES;
				ENABLE_TESTABILITY = YES;
				GCC_C_LANGUAGE_STANDARD = gnu99;
				GCC_DYNAMIC_NO_PIC = NO;
				GCC_NO_COMMON_BLOCKS = YES;
				GCC_OPTIMIZATION_LEVEL = 0;
				GCC_PREPROCESSOR_DEFINITIONS = (
					"DEBUG=1",
					"$(inherited)",
				);
				GCC_WARN_64_TO_32_BIT_CONVERSION = YES;
				GCC_WARN_ABOUT_RETURN_TYPE = YES_ERROR;
				GCC_WARN_UNDECLARED_SELECTOR = YES;
				GCC_WARN_UNINITIALIZED_AUTOS = YES_AGGRESSIVE;
				GCC_WARN_UNUSED_FUNCTION = YES;
				GCC_WARN_UNUSED_VARIABLE = YES;
				IPHONEOS_DEPLOYMENT_TARGET = 9.3;
				MTL_ENABLE_DEBUG_INFO = YES;
				ONLY_ACTIVE_ARCH = YES;
				SDKROOT = iphoneos;
			};
			name = Debug;
		};
		A0BE738A1D5798E400159AD0 /* Release */ = {
			isa = XCBuildConfiguration;
			buildSettings = {
				ALWAYS_SEARCH_USER_PATHS = NO;
				CLANG_ANALYZER_NONNULL = YES;
				CLANG_CXX_LANGUAGE_STANDARD = "gnu++0x";
				CLANG_CXX_LIBRARY = "libc++";
				CLANG_ENABLE_MODULES = YES;
				CLANG_ENABLE_OBJC_ARC = YES;
				CLANG_WARN_BOOL_CONVERSION = YES;
				CLANG_WARN_CONSTANT_CONVERSION = YES;
				CLANG_WARN_DIRECT_OBJC_ISA_USAGE = YES_ERROR;
				CLANG_WARN_EMPTY_BODY = YES;
				CLANG_WARN_ENUM_CONVERSION = YES;
				CLANG_WARN_INT_CONVERSION = YES;
				CLANG_WARN_OBJC_ROOT_CLASS = YES_ERROR;
				CLANG_WARN_UNREACHABLE_CODE = YES;
				CLANG_WARN__DUPLICATE_METHOD_MATCH = YES;
				"CODE_SIGN_IDENTITY[sdk=iphoneos*]" = "iPhone Developer";
				COPY_PHASE_STRIP = NO;
				DEBUG_INFORMATION_FORMAT = "dwarf-with-dsym";
				ENABLE_NS_ASSERTIONS = NO;
				ENABLE_STRICT_OBJC_MSGSEND = YES;
				GCC_C_LANGUAGE_STANDARD = gnu99;
				GCC_NO_COMMON_BLOCKS = YES;
				GCC_WARN_64_TO_32_BIT_CONVERSION = YES;
				GCC_WARN_ABOUT_RETURN_TYPE = YES_ERROR;
				GCC_WARN_UNDECLARED_SELECTOR = YES;
				GCC_WARN_UNINITIALIZED_AUTOS = YES_AGGRESSIVE;
				GCC_WARN_UNUSED_FUNCTION = YES;
				GCC_WARN_UNUSED_VARIABLE = YES;
				IPHONEOS_DEPLOYMENT_TARGET = 9.3;
				MTL_ENABLE_DEBUG_INFO = NO;
				SDKROOT = iphoneos;
				VALIDATE_PRODUCT = YES;
			};
			name = Release;
		};
		A0BE738C1D5798E400159AD0 /* Debug */ = {
			isa = XCBuildConfiguration;
			buildSettings = {
				ASSETCATALOG_COMPILER_APPICON_NAME = AppIcon;
				INFOPLIST_FILE = HJProtocolDispatcherDemo/Info.plist;
				LD_RUNPATH_SEARCH_PATHS = "$(inherited) @executable_path/Frameworks";
				PRODUCT_BUNDLE_IDENTIFIER = com.olinone.HJProtocolDispatcherDemo;
				PRODUCT_NAME = "$(TARGET_NAME)";
			};
			name = Debug;
		};
		A0BE738D1D5798E400159AD0 /* Release */ = {
			isa = XCBuildConfiguration;
			buildSettings = {
				ASSETCATALOG_COMPILER_APPICON_NAME = AppIcon;
				INFOPLIST_FILE = HJProtocolDispatcherDemo/Info.plist;
				LD_RUNPATH_SEARCH_PATHS = "$(inherited) @executable_path/Frameworks";
				PRODUCT_BUNDLE_IDENTIFIER = com.olinone.HJProtocolDispatcherDemo;
				PRODUCT_NAME = "$(TARGET_NAME)";
			};
			name = Release;
		};
/* End XCBuildConfiguration section */

/* Begin XCConfigurationList section */
		A0BE736F1D5798E400159AD0 /* Build configuration list for PBXProject "HJProtocolDispatcherDemo" */ = {
			isa = XCConfigurationList;
			buildConfigurations = (
				A0BE73891D5798E400159AD0 /* Debug */,
				A0BE738A1D5798E400159AD0 /* Release */,
			);
			defaultConfigurationIsVisible = 0;
			defaultConfigurationName = Release;
		};
		A0BE738B1D5798E400159AD0 /* Build configuration list for PBXNativeTarget "HJProtocolDispatcherDemo" */ = {
			isa = XCConfigurationList;
			buildConfigurations = (
				A0BE738C1D5798E400159AD0 /* Debug */,
				A0BE738D1D5798E400159AD0 /* Release */,
			);
			defaultConfigurationIsVisible = 0;
		};
/* End XCConfigurationList section */
	};
	rootObject = A0BE736C1D5798E400159AD0 /* Project object */;
}
